
Microsoft Visual Studio Solution File, Format Version 12.00
# Visual Studio Version 17
VisualStudioVersion = 17.14.36616.10
MinimumVisualStudioVersion = 10.0.40219.1
Project("{FAE04EC0-301F-11D3-BF4B-00C04F79EFBC}") = "QLSinhVien", "QuanLySinhVien\QLSinhVien.csproj", "{EAED8A72-6269-5B4C-4683-13EF8A41DFEE}"
EndProject
Global
	GlobalSection(SolutionConfigurationPlatforms) = preSolution
		Debug|Any CPU = Debug|Any CPU
		Release|Any CPU = Release|Any CPU
	EndGlobalSection
	GlobalSection(ProjectConfigurationPlatforms) = postSolution
		{EAED8A72-6269-5B4C-4683-13EF8A41DFEE}.Debug|Any CPU.ActiveCfg = Debug|Any CPU
		{EAED8A72-6269-5B4C-4683-13EF8A41DFEE}.Debug|Any CPU.Build.0 = Debug|Any CPU
		{EAED8A72-6269-5B4C-4683-13EF8A41DFEE}.Release|Any CPU.ActiveCfg = Release|Any CPU
		{EAED8A72-6269-5B4C-4683-13EF8A41DFEE}.Release|Any CPU.Build.0 = Release|Any CPU
	EndGlobalSection
	GlobalSection(SolutionProperties) = preSolution
		HideSolutionNode = FALSE
	EndGlobalSection
	GlobalSection(ExtensibilityGlobals) = postSolution
		SolutionGuid = {864B05E5-976E-4B49-9148-072C5A0F10D8}
	EndGlobalSection
EndGlobal
