
Microsoft Visual Studio Solution File, Format Version 12.00
# Visual Studio Version 17
VisualStudioVersion = 17.14.36616.10 d17.14
MinimumVisualStudioVersion = 10.0.40219.1
Project("{FAE04EC0-301F-11D3-BF4B-00C04F79EFBC}") = "QLSinhVien", "QLSinhVien.csproj", "{A5AD57E0-D302-4EAC-9CD9-7724876E94ED}"
EndProject
Global
	GlobalSection(SolutionConfigurationPlatforms) = preSolution
		Debug|Any CPU = Debug|Any CPU
		Release|Any CPU = Release|Any CPU
	EndGlobalSection
	GlobalSection(ProjectConfigurationPlatforms) = postSolution
		{A5AD57E0-D302-4EAC-9CD9-7724876E94ED}.Debug|Any CPU.ActiveCfg = Debug|Any CPU
		{A5AD57E0-D302-4EAC-9CD9-7724876E94ED}.Debug|Any CPU.Build.0 = Debug|Any CPU
		{A5AD57E0-D302-4EAC-9CD9-7724876E94ED}.Release|Any CPU.ActiveCfg = Release|Any CPU
		{A5AD57E0-D302-4EAC-9CD9-7724876E94ED}.Release|Any CPU.Build.0 = Release|Any CPU
	EndGlobalSection
	GlobalSection(SolutionProperties) = preSolution
		HideSolutionNode = FALSE
	EndGlobalSection
	GlobalSection(ExtensibilityGlobals) = postSolution
		SolutionGuid = {864B05E5-976E-4B49-9148-072C5A0F10D8}
	EndGlobalSection
EndGlobal
